
Microsoft Visual Studio Solution File, Format Version 12.00
# Visual Studio 2013
VisualStudioVersion = 12.0.21005.1
MinimumVisualStudioVersion = 10.0.40219.1
Project("{FAE04EC0-301F-11D3-BF4B-00C04F79EFBC}") = "WindowsFormsApplication1", "WindowsFormsApplication1\WindowsFormsApplication1.csproj", "{B4DF3242-290D-4F9F-8613-65564F5EFF7B}"
EndProject
Project("{FAE04EC0-301F-11D3-BF4B-00C04F79EFBC}") = "Operaciones", "Operaciones1\Operaciones.csproj", "{A4C97ABD-0EF0-406E-9D18-4159F4AE2CE8}"
EndProject
Global
	GlobalSection(SolutionConfigurationPlatforms) = preSolution
		Debug|Any CPU = Debug|Any CPU
		Release|Any CPU = Release|Any CPU
	EndGlobalSection
	GlobalSection(ProjectConfigurationPlatforms) = postSolution
		{B4DF3242-290D-4F9F-8613-65564F5EFF7B}.Debug|Any CPU.ActiveCfg = Debug|Any CPU
		{B4DF3242-290D-4F9F-8613-65564F5EFF7B}.Debug|Any CPU.Build.0 = Debug|Any CPU
		{B4DF3242-290D-4F9F-8613-65564F5EFF7B}.Release|Any CPU.ActiveCfg = Release|Any CPU
		{B4DF3242-290D-4F9F-8613-65564F5EFF7B}.Release|Any CPU.Build.0 = Release|Any CPU
		{A4C97ABD-0EF0-406E-9D18-4159F4AE2CE8}.Debug|Any CPU.ActiveCfg = Debug|Any CPU
		{A4C97ABD-0EF0-406E-9D18-4159F4AE2CE8}.Debug|Any CPU.Build.0 = Debug|Any CPU
		{A4C97ABD-0EF0-406E-9D18-4159F4AE2CE8}.Release|Any CPU.ActiveCfg = Release|Any CPU
		{A4C97ABD-0EF0-406E-9D18-4159F4AE2CE8}.Release|Any CPU.Build.0 = Release|Any CPU
	EndGlobalSection
	GlobalSection(SolutionProperties) = preSolution
		HideSolutionNode = FALSE
	EndGlobalSection
EndGlobal
